
Microsoft Visual Studio Solution File, Format Version 12.00
# Visual Studio Version 17
VisualStudioVersion = 17.7.34221.43
MinimumVisualStudioVersion = 10.0.40219.1
Project("{FAE04EC0-301F-11D3-BF4B-00C04F79EFBC}") = "login", "login\login.csproj", "{C267E459-C027-4957-A028-FA6E4BE97EAC}"
EndProject
Global
	GlobalSection(SolutionConfigurationPlatforms) = preSolution
		Debug|Any CPU = Debug|Any CPU
		Release|Any CPU = Release|Any CPU
	EndGlobalSection
	GlobalSection(ProjectConfigurationPlatforms) = postSolution
		{C267E459-C027-4957-A028-FA6E4BE97EAC}.Debug|Any CPU.ActiveCfg = Debug|Any CPU
		{C267E459-C027-4957-A028-FA6E4BE97EAC}.Debug|Any CPU.Build.0 = Debug|Any CPU
		{C267E459-C027-4957-A028-FA6E4BE97EAC}.Release|Any CPU.ActiveCfg = Release|Any CPU
		{C267E459-C027-4957-A028-FA6E4BE97EAC}.Release|Any CPU.Build.0 = Release|Any CPU
	EndGlobalSection
	GlobalSection(SolutionProperties) = preSolution
		HideSolutionNode = FALSE
	EndGlobalSection
	GlobalSection(ExtensibilityGlobals) = postSolution
		SolutionGuid = {83F17A68-81EA-4A29-AD54-983D134C34DF}
	EndGlobalSection
EndGlobal
